
Microsoft Visual Studio Solution File, Format Version 12.00
Project("{FAE04EC0-301F-11D3-BF4B-00C04F79EFBC}") = "RefactoringExercise", "RefactoringExercise\RefactoringExercise.csproj", "{9CCFC71A-2705-4387-A3F9-0FBC59BEA16D}"
EndProject
Project("{FAE04EC0-301F-11D3-BF4B-00C04F79EFBC}") = "Mock", "Mock\Mock.csproj", "{FE220640-77C7-45F6-8E37-A00CDFC2F033}"
EndProject
Project("{FAE04EC0-301F-11D3-BF4B-00C04F79EFBC}") = "UnitTests", "UnitTests\UnitTests.csproj", "{6F308397-869E-4367-BC44-CA259D587FB6}"
EndProject
Global
	GlobalSection(SolutionConfigurationPlatforms) = preSolution
		Debug|Any CPU = Debug|Any CPU
		Release|Any CPU = Release|Any CPU
	EndGlobalSection
	GlobalSection(ProjectConfigurationPlatforms) = postSolution
		{9CCFC71A-2705-4387-A3F9-0FBC59BEA16D}.Debug|Any CPU.ActiveCfg = Debug|Any CPU
		{9CCFC71A-2705-4387-A3F9-0FBC59BEA16D}.Debug|Any CPU.Build.0 = Debug|Any CPU
		{9CCFC71A-2705-4387-A3F9-0FBC59BEA16D}.Release|Any CPU.ActiveCfg = Release|Any CPU
		{9CCFC71A-2705-4387-A3F9-0FBC59BEA16D}.Release|Any CPU.Build.0 = Release|Any CPU
		{FE220640-77C7-45F6-8E37-A00CDFC2F033}.Debug|Any CPU.ActiveCfg = Debug|Any CPU
		{FE220640-77C7-45F6-8E37-A00CDFC2F033}.Debug|Any CPU.Build.0 = Debug|Any CPU
		{FE220640-77C7-45F6-8E37-A00CDFC2F033}.Release|Any CPU.ActiveCfg = Release|Any CPU
		{FE220640-77C7-45F6-8E37-A00CDFC2F033}.Release|Any CPU.Build.0 = Release|Any CPU
		{6F308397-869E-4367-BC44-CA259D587FB6}.Debug|Any CPU.ActiveCfg = Debug|Any CPU
		{6F308397-869E-4367-BC44-CA259D587FB6}.Debug|Any CPU.Build.0 = Debug|Any CPU
		{6F308397-869E-4367-BC44-CA259D587FB6}.Release|Any CPU.ActiveCfg = Release|Any CPU
		{6F308397-869E-4367-BC44-CA259D587FB6}.Release|Any CPU.Build.0 = Release|Any CPU
	EndGlobalSection
EndGlobal
